{
  "version": 4,
  "terraform_version": "1.11.3",
  "serial": 24,
  "lineage": "28ac0d5c-83e5-a0c7-cb5f-2955c1731bec",
  "outputs": {},
  "resources": [
    {
      "mode": "managed",
      "type": "azurerm_resource_group",
      "name": "rg_az_lab",
      "provider": "provider[\"registry.terraform.io/hashicorp/azurerm\"]",
      "instances": [
        {
          "schema_version": 0,
          "attributes": {
            "id": "/subscriptions/ea74f97a-80cb-4d62-9ff9-04c1327d3880/resourceGroups/RG-az-lab",
            "location": "westeurope",
            "managed_by": "",
            "name": "RG-az-lab",
            "tags": null,
            "timeouts": null
          },
          "sensitive_attributes": [],
          "private": "eyJlMmJmYjczMC1lY2FhLTExZTYtOGY4OC0zNDM2M2JjN2M0YzAiOnsiY3JlYXRlIjo1NDAwMDAwMDAwMDAwLCJkZWxldGUiOjU0MDAwMDAwMDAwMDAsInJlYWQiOjMwMDAwMDAwMDAwMCwidXBkYXRlIjo1NDAwMDAwMDAwMDAwfX0="
        }
      ]
    },
    {
      "mode": "managed",
      "type": "azurerm_storage_account",
      "name": "stockage_blob",
      "provider": "provider[\"registry.terraform.io/hashicorp/azurerm\"]",
      "instances": [
        {
          "schema_version": 4,
          "attributes": {
            "access_tier": "Cool",
            "account_kind": "StorageV2",
            "account_replication_type": "LRS",
            "account_tier": "Standard",
            "allow_nested_items_to_be_public": true,
            "allowed_copy_scope": "",
            "azure_files_authentication": [],
            "blob_properties": [
              {
                "change_feed_enabled": false,
                "change_feed_retention_in_days": 0,
                "container_delete_retention_policy": [],
                "cors_rule": [],
                "default_service_version": "",
                "delete_retention_policy": [],
                "last_access_time_enabled": false,
                "restore_policy": [],
                "versioning_enabled": false
              }
            ],
            "cross_tenant_replication_enabled": false,
            "custom_domain": [],
            "customer_managed_key": [],
            "default_to_oauth_authentication": false,
            "dns_endpoint_type": "Standard",
            "edge_zone": "",
            "https_traffic_only_enabled": true,
            "id": "/subscriptions/ea74f97a-80cb-4d62-9ff9-04c1327d3880/resourceGroups/RG-az-lab/providers/Microsoft.Storage/storageAccounts/vincistockageblob001",
            "identity": [],
            "immutability_policy": [],
            "infrastructure_encryption_enabled": false,
            "is_hns_enabled": false,
            "large_file_share_enabled": false,
            "local_user_enabled": true,
            "location": "westeurope",
            "min_tls_version": "TLS1_2",
            "name": "vincistockageblob001",
            "network_rules": [],
            "nfsv3_enabled": false,
            "primary_access_key": "nB1l8QY4jjrrDJ0HGLpoNuPIaLiytBXAFGFSJbXUHIsz32UVzleLHJykhb4ZJHmt2Kdn2LxHfiaX+AStD5hf2A==",
            "primary_blob_connection_string": "DefaultEndpointsProtocol=https;BlobEndpoint=https://vincistockageblob001.blob.core.windows.net/;AccountName=vincistockageblob001;AccountKey=nB1l8QY4jjrrDJ0HGLpoNuPIaLiytBXAFGFSJbXUHIsz32UVzleLHJykhb4ZJHmt2Kdn2LxHfiaX+AStD5hf2A==",
            "primary_blob_endpoint": "https://vincistockageblob001.blob.core.windows.net/",
            "primary_blob_host": "vincistockageblob001.blob.core.windows.net",
            "primary_blob_internet_endpoint": "",
            "primary_blob_internet_host": "",
            "primary_blob_microsoft_endpoint": "",
            "primary_blob_microsoft_host": "",
            "primary_connection_string": "DefaultEndpointsProtocol=https;AccountName=vincistockageblob001;AccountKey=nB1l8QY4jjrrDJ0HGLpoNuPIaLiytBXAFGFSJbXUHIsz32UVzleLHJykhb4ZJHmt2Kdn2LxHfiaX+AStD5hf2A==;EndpointSuffix=core.windows.net",
            "primary_dfs_endpoint": "https://vincistockageblob001.dfs.core.windows.net/",
            "primary_dfs_host": "vincistockageblob001.dfs.core.windows.net",
            "primary_dfs_internet_endpoint": "",
            "primary_dfs_internet_host": "",
            "primary_dfs_microsoft_endpoint": "",
            "primary_dfs_microsoft_host": "",
            "primary_file_endpoint": "https://vincistockageblob001.file.core.windows.net/",
            "primary_file_host": "vincistockageblob001.file.core.windows.net",
            "primary_file_internet_endpoint": "",
            "primary_file_internet_host": "",
            "primary_file_microsoft_endpoint": "",
            "primary_file_microsoft_host": "",
            "primary_location": "westeurope",
            "primary_queue_endpoint": "https://vincistockageblob001.queue.core.windows.net/",
            "primary_queue_host": "vincistockageblob001.queue.core.windows.net",
            "primary_queue_microsoft_endpoint": "",
            "primary_queue_microsoft_host": "",
            "primary_table_endpoint": "https://vincistockageblob001.table.core.windows.net/",
            "primary_table_host": "vincistockageblob001.table.core.windows.net",
            "primary_table_microsoft_endpoint": "",
            "primary_table_microsoft_host": "",
            "primary_web_endpoint": "https://vincistockageblob001.z6.web.core.windows.net/",
            "primary_web_host": "vincistockageblob001.z6.web.core.windows.net",
            "primary_web_internet_endpoint": "",
            "primary_web_internet_host": "",
            "primary_web_microsoft_endpoint": "",
            "primary_web_microsoft_host": "",
            "public_network_access_enabled": true,
            "queue_encryption_key_type": "Service",
            "queue_properties": [
              {
                "cors_rule": [],
                "hour_metrics": [
                  {
                    "enabled": false,
                    "include_apis": false,
                    "retention_policy_days": 0,
                    "version": "1.0"
                  }
                ],
                "logging": [
                  {
                    "delete": false,
                    "read": false,
                    "retention_policy_days": 0,
                    "version": "1.0",
                    "write": false
                  }
                ],
                "minute_metrics": [
                  {
                    "enabled": false,
                    "include_apis": false,
                    "retention_policy_days": 0,
                    "version": "1.0"
                  }
                ]
              }
            ],
            "resource_group_name": "RG-az-lab",
            "routing": [],
            "sas_policy": [],
            "secondary_access_key": "CWGXpZyze+4wU5/dcFiYi5E72+oz/UHLI1Rkslf+bM39OlOVxXfIYZ/MSyDgStMCqTt8w9N2aq/S+ASt5UAa+A==",
            "secondary_blob_connection_string": "",
            "secondary_blob_endpoint": "",
            "secondary_blob_host": "",
            "secondary_blob_internet_endpoint": "",
            "secondary_blob_internet_host": "",
            "secondary_blob_microsoft_endpoint": "",
            "secondary_blob_microsoft_host": "",
            "secondary_connection_string": "DefaultEndpointsProtocol=https;AccountName=vincistockageblob001;AccountKey=CWGXpZyze+4wU5/dcFiYi5E72+oz/UHLI1Rkslf+bM39OlOVxXfIYZ/MSyDgStMCqTt8w9N2aq/S+ASt5UAa+A==;EndpointSuffix=core.windows.net",
            "secondary_dfs_endpoint": "",
            "secondary_dfs_host": "",
            "secondary_dfs_internet_endpoint": "",
            "secondary_dfs_internet_host": "",
            "secondary_dfs_microsoft_endpoint": "",
            "secondary_dfs_microsoft_host": "",
            "secondary_file_endpoint": "",
            "secondary_file_host": "",
            "secondary_file_internet_endpoint": "",
            "secondary_file_internet_host": "",
            "secondary_file_microsoft_endpoint": "",
            "secondary_file_microsoft_host": "",
            "secondary_location": "",
            "secondary_queue_endpoint": "",
            "secondary_queue_host": "",
            "secondary_queue_microsoft_endpoint": "",
            "secondary_queue_microsoft_host": "",
            "secondary_table_endpoint": "",
            "secondary_table_host": "",
            "secondary_table_microsoft_endpoint": "",
            "secondary_table_microsoft_host": "",
            "secondary_web_endpoint": "",
            "secondary_web_host": "",
            "secondary_web_internet_endpoint": "",
            "secondary_web_internet_host": "",
            "secondary_web_microsoft_endpoint": "",
            "secondary_web_microsoft_host": "",
            "sftp_enabled": false,
            "share_properties": [
              {
                "cors_rule": [],
                "retention_policy": [
                  {
                    "days": 7
                  }
                ],
                "smb": []
              }
            ],
            "shared_access_key_enabled": true,
            "static_website": [],
            "table_encryption_key_type": "Service",
            "tags": {
              "Environment": "Dev"
            },
            "timeouts": null
          },
          "sensitive_attributes": [
            [
              {
                "type": "get_attr",
                "value": "secondary_connection_string"
              }
            ],
            [
              {
                "type": "get_attr",
                "value": "secondary_blob_connection_string"
              }
            ],
            [
              {
                "type": "get_attr",
                "value": "primary_blob_connection_string"
              }
            ],
            [
              {
                "type": "get_attr",
                "value": "primary_access_key"
              }
            ],
            [
              {
                "type": "get_attr",
                "value": "secondary_access_key"
              }
            ],
            [
              {
                "type": "get_attr",
                "value": "primary_connection_string"
              }
            ]
          ],
          "private": "eyJlMmJmYjczMC1lY2FhLTExZTYtOGY4OC0zNDM2M2JjN2M0YzAiOnsiY3JlYXRlIjozNjAwMDAwMDAwMDAwLCJkZWxldGUiOjM2MDAwMDAwMDAwMDAsInJlYWQiOjMwMDAwMDAwMDAwMCwidXBkYXRlIjozNjAwMDAwMDAwMDAwfSwic2NoZW1hX3ZlcnNpb24iOiI0In0=",
          "dependencies": [
            "azurerm_resource_group.rg_az_lab"
          ]
        }
      ]
    },
    {
      "mode": "managed",
      "type": "azurerm_storage_blob",
      "name": "stockage_blob",
      "provider": "provider[\"registry.terraform.io/hashicorp/azurerm\"]",
      "instances": [
        {
          "schema_version": 1,
          "attributes": {
            "access_tier": "Cool",
            "cache_control": "",
            "content_md5": "",
            "content_type": "text/plain",
            "encryption_scope": "",
            "id": "https://vincistockageblob001.blob.core.windows.net/vincicontainer/configure_winrm.ps1",
            "metadata": {},
            "name": "configure_winrm.ps1",
            "parallelism": 8,
            "size": 0,
            "source": "/home/yannick/Infra_as_code/projet_etude/blob_storage/configure_winrm.ps1",
            "source_content": null,
            "source_uri": null,
            "storage_account_name": "vincistockageblob001",
            "storage_container_name": "vincicontainer",
            "timeouts": null,
            "type": "Block",
            "url": "https://vincistockageblob001.blob.core.windows.net/vincicontainer/configure_winrm.ps1"
          },
          "sensitive_attributes": [],
          "private": "eyJlMmJmYjczMC1lY2FhLTExZTYtOGY4OC0zNDM2M2JjN2M0YzAiOnsiY3JlYXRlIjoxODAwMDAwMDAwMDAwLCJkZWxldGUiOjE4MDAwMDAwMDAwMDAsInJlYWQiOjMwMDAwMDAwMDAwMCwidXBkYXRlIjoxODAwMDAwMDAwMDAwfSwic2NoZW1hX3ZlcnNpb24iOiIxIn0=",
          "dependencies": [
            "azurerm_resource_group.rg_az_lab",
            "azurerm_storage_account.stockage_blob",
            "azurerm_storage_container.containeur"
          ]
        }
      ]
    },
    {
      "mode": "managed",
      "type": "azurerm_storage_container",
      "name": "containeur",
      "provider": "provider[\"registry.terraform.io/hashicorp/azurerm\"]",
      "instances": [
        {
          "schema_version": 1,
          "attributes": {
            "container_access_type": "private",
            "default_encryption_scope": "$account-encryption-key",
            "encryption_scope_override_enabled": true,
            "has_immutability_policy": false,
            "has_legal_hold": false,
            "id": "/subscriptions/ea74f97a-80cb-4d62-9ff9-04c1327d3880/resourceGroups/RG-az-lab/providers/Microsoft.Storage/storageAccounts/vincistockageblob001/blobServices/default/containers/vincicontainer",
            "metadata": {},
            "name": "vincicontainer",
            "resource_manager_id": "/subscriptions/ea74f97a-80cb-4d62-9ff9-04c1327d3880/resourceGroups/RG-az-lab/providers/Microsoft.Storage/storageAccounts/vincistockageblob001/blobServices/default/containers/vincicontainer",
            "storage_account_id": "/subscriptions/ea74f97a-80cb-4d62-9ff9-04c1327d3880/resourceGroups/RG-az-lab/providers/Microsoft.Storage/storageAccounts/vincistockageblob001",
            "storage_account_name": "",
            "timeouts": null
          },
          "sensitive_attributes": [],
          "private": "eyJlMmJmYjczMC1lY2FhLTExZTYtOGY4OC0zNDM2M2JjN2M0YzAiOnsiY3JlYXRlIjoxODAwMDAwMDAwMDAwLCJkZWxldGUiOjE4MDAwMDAwMDAwMDAsInJlYWQiOjMwMDAwMDAwMDAwMCwidXBkYXRlIjoxODAwMDAwMDAwMDAwfSwic2NoZW1hX3ZlcnNpb24iOiIxIn0=",
          "dependencies": [
            "azurerm_resource_group.rg_az_lab",
            "azurerm_storage_account.stockage_blob"
          ]
        }
      ]
    }
  ],
  "check_results": null
}
