{
  "version": 4,
  "terraform_version": "1.11.4",
  "serial": 78,
  "lineage": "84204aa1-aa69-c70f-0f19-1d1361ae039f",
  "outputs": {
    "public_ip_address": {
      "value": "4.212.240.112",
      "type": "string"
    }
  },
  "resources": [
    {
      "mode": "managed",
      "type": "azurerm_network_interface",
      "name": "nic",
      "provider": "provider[\"registry.terraform.io/hashicorp/azurerm\"]",
      "instances": [
        {
          "schema_version": 0,
          "attributes": {
            "accelerated_networking_enabled": false,
            "applied_dns_servers": [],
            "auxiliary_mode": "",
            "auxiliary_sku": "",
            "dns_servers": null,
            "edge_zone": "",
            "id": "/subscriptions/ea74f97a-80cb-4d62-9ff9-04c1327d3880/resourceGroups/RG-infra/providers/Microsoft.Network/networkInterfaces/nic-windows-vm",
            "internal_dns_name_label": "",
            "internal_domain_name_suffix": "hewrohdixddudgipyvcxepkndg.parx.internal.cloudapp.net",
            "ip_configuration": [
              {
                "gateway_load_balancer_frontend_ip_configuration_id": "",
                "name": "internal",
                "primary": true,
                "private_ip_address": "10.0.1.4",
                "private_ip_address_allocation": "Dynamic",
                "private_ip_address_version": "IPv4",
                "public_ip_address_id": "/subscriptions/ea74f97a-80cb-4d62-9ff9-04c1327d3880/resourceGroups/RG-infra/providers/Microsoft.Network/publicIPAddresses/windows-vm-ip",
                "subnet_id": "/subscriptions/ea74f97a-80cb-4d62-9ff9-04c1327d3880/resourceGroups/RG-infra/providers/Microsoft.Network/virtualNetworks/var.vnet_name/subnets/subnet-ansible"
              }
            ],
            "ip_forwarding_enabled": false,
            "location": "francecentral",
            "mac_address": "",
            "name": "nic-windows-vm",
            "private_ip_address": "10.0.1.4",
            "private_ip_addresses": [
              "10.0.1.4"
            ],
            "resource_group_name": "RG-infra",
            "tags": null,
            "timeouts": null,
            "virtual_machine_id": ""
          },
          "sensitive_attributes": [],
          "private": "eyJlMmJmYjczMC1lY2FhLTExZTYtOGY4OC0zNDM2M2JjN2M0YzAiOnsiY3JlYXRlIjoxODAwMDAwMDAwMDAwLCJkZWxldGUiOjE4MDAwMDAwMDAwMDAsInJlYWQiOjMwMDAwMDAwMDAwMCwidXBkYXRlIjoxODAwMDAwMDAwMDAwfX0=",
          "dependencies": [
            "azurerm_public_ip.public_ip",
            "azurerm_resource_group.rg",
            "azurerm_subnet.subnet",
            "azurerm_virtual_network.vnet"
          ]
        }
      ]
    },
    {
      "mode": "managed",
      "type": "azurerm_network_interface_security_group_association",
      "name": "nsg_assoc",
      "provider": "provider[\"registry.terraform.io/hashicorp/azurerm\"]",
      "instances": [
        {
          "schema_version": 0,
          "attributes": {
            "id": "/subscriptions/ea74f97a-80cb-4d62-9ff9-04c1327d3880/resourceGroups/RG-infra/providers/Microsoft.Network/networkInterfaces/nic-windows-vm|/subscriptions/ea74f97a-80cb-4d62-9ff9-04c1327d3880/resourceGroups/RG-infra/providers/Microsoft.Network/networkSecurityGroups/nsg-windows",
            "network_interface_id": "/subscriptions/ea74f97a-80cb-4d62-9ff9-04c1327d3880/resourceGroups/RG-infra/providers/Microsoft.Network/networkInterfaces/nic-windows-vm",
            "network_security_group_id": "/subscriptions/ea74f97a-80cb-4d62-9ff9-04c1327d3880/resourceGroups/RG-infra/providers/Microsoft.Network/networkSecurityGroups/nsg-windows",
            "timeouts": null
          },
          "sensitive_attributes": [],
          "private": "eyJlMmJmYjczMC1lY2FhLTExZTYtOGY4OC0zNDM2M2JjN2M0YzAiOnsiY3JlYXRlIjoxODAwMDAwMDAwMDAwLCJkZWxldGUiOjE4MDAwMDAwMDAwMDAsInJlYWQiOjMwMDAwMDAwMDAwMH19",
          "dependencies": [
            "azurerm_network_interface.nic",
            "azurerm_network_security_group.nsg",
            "azurerm_public_ip.public_ip",
            "azurerm_resource_group.rg",
            "azurerm_subnet.subnet",
            "azurerm_virtual_network.vnet"
          ]
        }
      ]
    },
    {
      "mode": "managed",
      "type": "azurerm_network_security_group",
      "name": "nsg",
      "provider": "provider[\"registry.terraform.io/hashicorp/azurerm\"]",
      "instances": [
        {
          "schema_version": 0,
          "attributes": {
            "id": "/subscriptions/ea74f97a-80cb-4d62-9ff9-04c1327d3880/resourceGroups/RG-infra/providers/Microsoft.Network/networkSecurityGroups/nsg-windows",
            "location": "francecentral",
            "name": "nsg-windows",
            "resource_group_name": "RG-infra",
            "security_rule": [
              {
                "access": "Allow",
                "description": "",
                "destination_address_prefix": "*",
                "destination_address_prefixes": [],
                "destination_application_security_group_ids": [],
                "destination_port_range": "3389",
                "destination_port_ranges": [],
                "direction": "Inbound",
                "name": "RDP",
                "priority": 1001,
                "protocol": "Tcp",
                "source_address_prefix": "*",
                "source_address_prefixes": [],
                "source_application_security_group_ids": [],
                "source_port_range": "*",
                "source_port_ranges": []
              },
              {
                "access": "Allow",
                "description": "",
                "destination_address_prefix": "*",
                "destination_address_prefixes": [],
                "destination_application_security_group_ids": [],
                "destination_port_range": "5985",
                "destination_port_ranges": [],
                "direction": "Inbound",
                "name": "WinRM",
                "priority": 1002,
                "protocol": "Tcp",
                "source_address_prefix": "*",
                "source_address_prefixes": [],
                "source_application_security_group_ids": [],
                "source_port_range": "*",
                "source_port_ranges": []
              }
            ],
            "tags": null,
            "timeouts": null
          },
          "sensitive_attributes": [],
          "private": "eyJlMmJmYjczMC1lY2FhLTExZTYtOGY4OC0zNDM2M2JjN2M0YzAiOnsiY3JlYXRlIjoxODAwMDAwMDAwMDAwLCJkZWxldGUiOjE4MDAwMDAwMDAwMDAsInJlYWQiOjMwMDAwMDAwMDAwMCwidXBkYXRlIjoxODAwMDAwMDAwMDAwfX0=",
          "dependencies": [
            "azurerm_resource_group.rg"
          ]
        }
      ]
    },
    {
      "mode": "managed",
      "type": "azurerm_public_ip",
      "name": "public_ip",
      "provider": "provider[\"registry.terraform.io/hashicorp/azurerm\"]",
      "instances": [
        {
          "schema_version": 0,
          "attributes": {
            "allocation_method": "Static",
            "ddos_protection_mode": "VirtualNetworkInherited",
            "ddos_protection_plan_id": null,
            "domain_name_label": null,
            "domain_name_label_scope": null,
            "edge_zone": "",
            "fqdn": null,
            "id": "/subscriptions/ea74f97a-80cb-4d62-9ff9-04c1327d3880/resourceGroups/RG-infra/providers/Microsoft.Network/publicIPAddresses/windows-vm-ip",
            "idle_timeout_in_minutes": 4,
            "ip_address": "4.212.240.112",
            "ip_tags": null,
            "ip_version": "IPv4",
            "location": "francecentral",
            "name": "windows-vm-ip",
            "public_ip_prefix_id": null,
            "resource_group_name": "RG-infra",
            "reverse_fqdn": null,
            "sku": "Basic",
            "sku_tier": "Regional",
            "tags": null,
            "timeouts": null,
            "zones": null
          },
          "sensitive_attributes": [],
          "private": "eyJlMmJmYjczMC1lY2FhLTExZTYtOGY4OC0zNDM2M2JjN2M0YzAiOnsiY3JlYXRlIjoxODAwMDAwMDAwMDAwLCJkZWxldGUiOjE4MDAwMDAwMDAwMDAsInJlYWQiOjMwMDAwMDAwMDAwMCwidXBkYXRlIjoxODAwMDAwMDAwMDAwfX0=",
          "dependencies": [
            "azurerm_resource_group.rg"
          ]
        }
      ]
    },
    {
      "mode": "managed",
      "type": "azurerm_resource_group",
      "name": "rg",
      "provider": "provider[\"registry.terraform.io/hashicorp/azurerm\"]",
      "instances": [
        {
          "schema_version": 0,
          "attributes": {
            "id": "/subscriptions/ea74f97a-80cb-4d62-9ff9-04c1327d3880/resourceGroups/RG-infra",
            "location": "francecentral",
            "managed_by": "",
            "name": "RG-infra",
            "tags": null,
            "timeouts": null
          },
          "sensitive_attributes": [],
          "private": "eyJlMmJmYjczMC1lY2FhLTExZTYtOGY4OC0zNDM2M2JjN2M0YzAiOnsiY3JlYXRlIjo1NDAwMDAwMDAwMDAwLCJkZWxldGUiOjU0MDAwMDAwMDAwMDAsInJlYWQiOjMwMDAwMDAwMDAwMCwidXBkYXRlIjo1NDAwMDAwMDAwMDAwfX0="
        }
      ]
    },
    {
      "mode": "managed",
      "type": "azurerm_subnet",
      "name": "subnet",
      "provider": "provider[\"registry.terraform.io/hashicorp/azurerm\"]",
      "instances": [
        {
          "schema_version": 0,
          "attributes": {
            "address_prefixes": [
              "10.0.1.0/24"
            ],
            "default_outbound_access_enabled": true,
            "delegation": [],
            "id": "/subscriptions/ea74f97a-80cb-4d62-9ff9-04c1327d3880/resourceGroups/RG-infra/providers/Microsoft.Network/virtualNetworks/var.vnet_name/subnets/subnet-ansible",
            "name": "subnet-ansible",
            "private_endpoint_network_policies": "Disabled",
            "private_link_service_network_policies_enabled": true,
            "resource_group_name": "RG-infra",
            "service_endpoint_policy_ids": null,
            "service_endpoints": null,
            "timeouts": null,
            "virtual_network_name": "var.vnet_name"
          },
          "sensitive_attributes": [],
          "private": "eyJlMmJmYjczMC1lY2FhLTExZTYtOGY4OC0zNDM2M2JjN2M0YzAiOnsiY3JlYXRlIjoxODAwMDAwMDAwMDAwLCJkZWxldGUiOjE4MDAwMDAwMDAwMDAsInJlYWQiOjMwMDAwMDAwMDAwMCwidXBkYXRlIjoxODAwMDAwMDAwMDAwfX0=",
          "dependencies": [
            "azurerm_resource_group.rg",
            "azurerm_virtual_network.vnet"
          ]
        }
      ]
    },
    {
      "mode": "managed",
      "type": "azurerm_virtual_network",
      "name": "vnet",
      "provider": "provider[\"registry.terraform.io/hashicorp/azurerm\"]",
      "instances": [
        {
          "schema_version": 0,
          "attributes": {
            "address_space": [
              "10.0.0.0/16"
            ],
            "bgp_community": "",
            "ddos_protection_plan": [],
            "dns_servers": [],
            "edge_zone": "",
            "encryption": [],
            "flow_timeout_in_minutes": 0,
            "guid": "1c172d39-b868-41c7-990f-c545723d4d1e",
            "id": "/subscriptions/ea74f97a-80cb-4d62-9ff9-04c1327d3880/resourceGroups/RG-infra/providers/Microsoft.Network/virtualNetworks/var.vnet_name",
            "location": "francecentral",
            "name": "var.vnet_name",
            "private_endpoint_vnet_policies": "Disabled",
            "resource_group_name": "RG-infra",
            "subnet": [],
            "tags": null,
            "timeouts": null
          },
          "sensitive_attributes": [],
          "private": "eyJlMmJmYjczMC1lY2FhLTExZTYtOGY4OC0zNDM2M2JjN2M0YzAiOnsiY3JlYXRlIjoxODAwMDAwMDAwMDAwLCJkZWxldGUiOjE4MDAwMDAwMDAwMDAsInJlYWQiOjMwMDAwMDAwMDAwMCwidXBkYXRlIjoxODAwMDAwMDAwMDAwfX0=",
          "dependencies": [
            "azurerm_resource_group.rg"
          ]
        }
      ]
    },
    {
      "mode": "managed",
      "type": "azurerm_windows_virtual_machine",
      "name": "vm",
      "provider": "provider[\"registry.terraform.io/hashicorp/azurerm\"]",
      "instances": [
        {
          "schema_version": 0,
          "attributes": {
            "additional_capabilities": [],
            "additional_unattend_content": [],
            "admin_password": "P@ssw0rd123!",
            "admin_username": "adminuser",
            "allow_extension_operations": true,
            "availability_set_id": "",
            "boot_diagnostics": [],
            "bypass_platform_safety_checks_on_user_schedule_enabled": false,
            "capacity_reservation_group_id": "",
            "computer_name": "winserv",
            "custom_data": "IyBTY3JpcHQgUG93ZXJTaGVsbCDDoCBleMOpY3V0ZXIgc3VyIGxhIFZNIFdpbmRvd3MgU2VydmVyIDIwMjIKIyBwb3VyIG91dnJpciBsZSBwb3J0IGQnw6ljb3V0ZSBXSU5STSBIVFRQIChOT04gU8OJQ1VSSVPDiSkKCiMgQ29uZmlndXJhdGlvbiBkdSBwb3J0IEhUVFAgV0lOUk0gKHBhciBkw6lmYXV0IDU5ODUpCiRXaW5STUhUVFBQb3J0ID0gNTk4NQoKIyBWw6lyaWZpZXIgc2kgbGUgbGlzdGVuZXIgSFRUUCBXSU5STSBleGlzdGUgZMOpasOgCiRXaW5STUhUVFBMaXN0ZW5lciA9IEdldC1XU01hbkluc3RhbmNlIC1SZXNvdXJjZVVSSSB3aW5ybS9jb25maWcvTGlzdGVuZXIgLVNlbGVjdG9yU2V0IEB7QWRkcmVzcz0iKiI7IFRyYW5zcG9ydD0iSFRUUCJ9CgppZiAoLW5vdCAkV2luUk1IVFRQTGlzdGVuZXIpIHsKICAgICMgQ3LDqWVyIGxlIGxpc3RlbmVyIEhUVFAgV0lOUk0KICAgIE5ldy1XU01hbkluc3RhbmNlIC1SZXNvdXJjZVVSSSB3aW5ybS9jb25maWcvTGlzdGVuZXIgLVNlbGVjdG9yU2V0IEB7QWRkcmVzcz0iKiI7IFRyYW5zcG9ydD0iSFRUUCJ9IC1WYWx1ZVNldCBAe1BvcnQ9JFdpblJNSFRUUFBvcnR9CiAgICBXcml0ZS1Ib3N0ICJMaXN0ZW5lciBIVFRQIFdJTlJNIGNyw6nDqSBzdXIgbGUgcG9ydCAkKCRXaW5STUhUVFBQb3J0KSAoTk9OIFPDiUNVUklTw4kpLiIKfSBlbHNlIHsKICAgIFdyaXRlLUhvc3QgIkxpc3RlbmVyIEhUVFAgV0lOUk0gZXhpc3RlIGTDqWrDoCBzdXIgbGUgcG9ydCAkKCRXaW5STUhUVFBQb3J0KS4iCn0KCiMgT3V2cmlyIGxlIHBvcnQgZGFucyBsZSBwYXJlLWZldSBXaW5kb3dzCiRGaXJld2FsbFJ1bGVOYW1lID0gIldJTlJNLUhUVFAtSW4tVENQIgoKaWYgKC1ub3QgKEdldC1OZXRGaXJld2FsbFJ1bGUgLU5hbWUgJEZpcmV3YWxsUnVsZU5hbWUgLUVycm9yQWN0aW9uIFNpbGVudGx5Q29udGludWUpKSB7CiAgICBOZXctTmV0RmlyZXdhbGxSdWxlIC1OYW1lICRGaXJld2FsbFJ1bGVOYW1lIC1EaXNwbGF5TmFtZSAiV2luZG93cyBSZW1vdGUgTWFuYWdlbWVudCAoSFRUUC1JbikiIC1EZXNjcmlwdGlvbiAiQXV0b3Jpc2UgbGUgdHJhZmljIFdJTlJNIEhUVFAgZW50cmFudCAoTk9OIFPDiUNVUklTw4kpLiIgLVByb3RvY29sIFRDUCAtTG9jYWxQb3J0ICRXaW5STUhUVFBQb3J0IC1EaXJlY3Rpb24gSW5ib3VuZCAtQWN0aW9uIEFsbG93IC1FbmFibGVkIFRydWUKICAgIFdyaXRlLUhvc3QgIlLDqGdsZSBkZSBwYXJlLWZldSAkKCRGaXJld2FsbFJ1bGVOYW1lKSBham91dMOpZSBwb3VyIGF1dG9yaXNlciBsZSB0cmFmaWMgV0lOUk0gSFRUUCBzdXIgbGUgcG9ydCAkKCRXaW5STUhUVFBQb3J0KSAoTk9OIFPDiUNVUklTw4kpLiIKfSBlbHNlIHsKICAgIFdyaXRlLUhvc3QgIlLDqGdsZSBkZSBwYXJlLWZldSAkKCRGaXJld2FsbFJ1bGVOYW1lKSBleGlzdGUgZMOpasOgLiIKfQoKIyBBY3RpdmVyIFBTUmVtb3Rpbmcgc2kgY2Ugbidlc3QgcGFzIGTDqWrDoCBmYWl0CmlmICgtbm90IChHZXQtUFNTZXNzaW9uQ29uZmlndXJhdGlvbiAtTmFtZSBNaWNyb3NvZnQuUG93ZXJTaGVsbCkpIHsKICAgIEVuYWJsZS1QU1JlbW90aW5nIC1Gb3JjZQogICAgV3JpdGUtSG9zdCAiUFNSZW1vdGluZyBhY3RpdsOpLiIKfQ==",
            "dedicated_host_group_id": "",
            "dedicated_host_id": "",
            "disk_controller_type": "",
            "edge_zone": "",
            "enable_automatic_updates": true,
            "encryption_at_host_enabled": false,
            "eviction_policy": "",
            "extensions_time_budget": "PT1H30M",
            "gallery_application": [],
            "hotpatching_enabled": false,
            "id": "/subscriptions/ea74f97a-80cb-4d62-9ff9-04c1327d3880/resourceGroups/RG-infra/providers/Microsoft.Compute/virtualMachines/windows2022-vm",
            "identity": [],
            "license_type": "",
            "location": "francecentral",
            "max_bid_price": -1,
            "name": "windows2022-vm",
            "network_interface_ids": [
              "/subscriptions/ea74f97a-80cb-4d62-9ff9-04c1327d3880/resourceGroups/RG-infra/providers/Microsoft.Network/networkInterfaces/nic-windows-vm"
            ],
            "os_disk": [
              {
                "caching": "ReadWrite",
                "diff_disk_settings": [],
                "disk_encryption_set_id": "",
                "disk_size_gb": 127,
                "id": "/subscriptions/ea74f97a-80cb-4d62-9ff9-04c1327d3880/resourceGroups/RG-infra/providers/Microsoft.Compute/disks/disk-winserv",
                "name": "disk-winserv",
                "secure_vm_disk_encryption_set_id": "",
                "security_encryption_type": "",
                "storage_account_type": "Standard_LRS",
                "write_accelerator_enabled": false
              }
            ],
            "os_image_notification": [],
            "patch_assessment_mode": "ImageDefault",
            "patch_mode": "AutomaticByOS",
            "plan": [],
            "platform_fault_domain": -1,
            "priority": "Regular",
            "private_ip_address": "10.0.1.4",
            "private_ip_addresses": [
              "10.0.1.4"
            ],
            "provision_vm_agent": true,
            "proximity_placement_group_id": "",
            "public_ip_address": "4.212.240.112",
            "public_ip_addresses": [
              "4.212.240.112"
            ],
            "reboot_setting": "",
            "resource_group_name": "RG-infra",
            "secret": [],
            "secure_boot_enabled": false,
            "size": "Standard_B2ms",
            "source_image_id": "",
            "source_image_reference": [
              {
                "offer": "WindowsServer",
                "publisher": "MicrosoftWindowsServer",
                "sku": "2022-Datacenter",
                "version": "latest"
              }
            ],
            "tags": null,
            "termination_notification": null,
            "timeouts": null,
            "timezone": "",
            "user_data": "",
            "virtual_machine_id": "53fb243c-ef0f-46a5-a17d-0c3939b09d23",
            "virtual_machine_scale_set_id": "",
            "vm_agent_platform_updates_enabled": true,
            "vtpm_enabled": false,
            "winrm_listener": [],
            "zone": ""
          },
          "sensitive_attributes": [
            [
              {
                "type": "get_attr",
                "value": "custom_data"
              }
            ],
            [
              {
                "type": "get_attr",
                "value": "admin_password"
              }
            ]
          ],
          "private": "eyJlMmJmYjczMC1lY2FhLTExZTYtOGY4OC0zNDM2M2JjN2M0YzAiOnsiY3JlYXRlIjoyNzAwMDAwMDAwMDAwLCJkZWxldGUiOjI3MDAwMDAwMDAwMDAsInJlYWQiOjMwMDAwMDAwMDAwMCwidXBkYXRlIjoyNzAwMDAwMDAwMDAwfX0=",
          "dependencies": [
            "azurerm_network_interface.nic",
            "azurerm_public_ip.public_ip",
            "azurerm_resource_group.rg",
            "azurerm_subnet.subnet",
            "azurerm_virtual_network.vnet"
          ]
        }
      ]
    }
  ],
  "check_results": null
}
